
Microsoft Visual Studio Solution File, Format Version 12.00
# Visual Studio Version 17
VisualStudioVersion = 17.10.34928.147
MinimumVisualStudioVersion = 10.0.40219.1
Project("{FAE04EC0-301F-11D3-BF4B-00C04F79EFBC}") = "coding-tracker", "coding-tracker\coding-tracker.csproj", "{6C773DC6-C386-4E67-9887-5F996FA50919}"
EndProject
Global
	GlobalSection(SolutionConfigurationPlatforms) = preSolution
		Debug|Any CPU = Debug|Any CPU
		Release|Any CPU = Release|Any CPU
	EndGlobalSection
	GlobalSection(ProjectConfigurationPlatforms) = postSolution
		{6C773DC6-C386-4E67-9887-5F996FA50919}.Debug|Any CPU.ActiveCfg = Debug|Any CPU
		{6C773DC6-C386-4E67-9887-5F996FA50919}.Debug|Any CPU.Build.0 = Debug|Any CPU
		{6C773DC6-C386-4E67-9887-5F996FA50919}.Release|Any CPU.ActiveCfg = Release|Any CPU
		{6C773DC6-C386-4E67-9887-5F996FA50919}.Release|Any CPU.Build.0 = Release|Any CPU
	EndGlobalSection
	GlobalSection(SolutionProperties) = preSolution
		HideSolutionNode = FALSE
	EndGlobalSection
	GlobalSection(ExtensibilityGlobals) = postSolution
		SolutionGuid = {EFBC5819-0C0D-433E-8694-CB65B635536B}
	EndGlobalSection
EndGlobal
